
Microsoft Visual Studio Solution File, Format Version 12.00
# Visual Studio 14
VisualStudioVersion = 14.0.25420.1
MinimumVisualStudioVersion = 10.0.40219.1
Project("{FAE04EC0-301F-11D3-BF4B-00C04F79EFBC}") = "SyncActivity", "SyncActivity\SyncActivity.csproj", "{4977622A-3D74-4455-8B2C-B5E5E5C0CA4D}"
EndProject
Project("{FAE04EC0-301F-11D3-BF4B-00C04F79EFBC}") = "UnitTests", "UnitTests\UnitTests.csproj", "{EEDA415B-64A1-467C-89CA-27738B1ACCDB}"
EndProject
Project("{FAE04EC0-301F-11D3-BF4B-00C04F79EFBC}") = "AsyncActivity", "AsyncActivity\AsyncActivity.csproj", "{3AD6C07B-CAE9-4203-9CF9-A2C9FAFE6F95}"
EndProject
Project("{FAE04EC0-301F-11D3-BF4B-00C04F79EFBC}") = "NugetPackager", "NugetPackager\NugetPackager.csproj", "{1A0042EA-2641-4840-86B1-90A6573AA9B0}"
EndProject
Global
	GlobalSection(SolutionConfigurationPlatforms) = preSolution
		Debug|Any CPU = Debug|Any CPU
		Release|Any CPU = Release|Any CPU
	EndGlobalSection
	GlobalSection(ProjectConfigurationPlatforms) = postSolution
		{4977622A-3D74-4455-8B2C-B5E5E5C0CA4D}.Debug|Any CPU.ActiveCfg = Debug|Any CPU
		{4977622A-3D74-4455-8B2C-B5E5E5C0CA4D}.Debug|Any CPU.Build.0 = Debug|Any CPU
		{4977622A-3D74-4455-8B2C-B5E5E5C0CA4D}.Release|Any CPU.ActiveCfg = Release|Any CPU
		{4977622A-3D74-4455-8B2C-B5E5E5C0CA4D}.Release|Any CPU.Build.0 = Release|Any CPU
		{EEDA415B-64A1-467C-89CA-27738B1ACCDB}.Debug|Any CPU.ActiveCfg = Debug|Any CPU
		{EEDA415B-64A1-467C-89CA-27738B1ACCDB}.Debug|Any CPU.Build.0 = Debug|Any CPU
		{EEDA415B-64A1-467C-89CA-27738B1ACCDB}.Release|Any CPU.ActiveCfg = Release|Any CPU
		{EEDA415B-64A1-467C-89CA-27738B1ACCDB}.Release|Any CPU.Build.0 = Release|Any CPU
		{3AD6C07B-CAE9-4203-9CF9-A2C9FAFE6F95}.Debug|Any CPU.ActiveCfg = Debug|Any CPU
		{3AD6C07B-CAE9-4203-9CF9-A2C9FAFE6F95}.Debug|Any CPU.Build.0 = Debug|Any CPU
		{3AD6C07B-CAE9-4203-9CF9-A2C9FAFE6F95}.Release|Any CPU.ActiveCfg = Release|Any CPU
		{3AD6C07B-CAE9-4203-9CF9-A2C9FAFE6F95}.Release|Any CPU.Build.0 = Release|Any CPU
		{1A0042EA-2641-4840-86B1-90A6573AA9B0}.Debug|Any CPU.ActiveCfg = Debug|Any CPU
		{1A0042EA-2641-4840-86B1-90A6573AA9B0}.Debug|Any CPU.Build.0 = Debug|Any CPU
		{1A0042EA-2641-4840-86B1-90A6573AA9B0}.Release|Any CPU.ActiveCfg = Release|Any CPU
		{1A0042EA-2641-4840-86B1-90A6573AA9B0}.Release|Any CPU.Build.0 = Release|Any CPU
	EndGlobalSection
	GlobalSection(SolutionProperties) = preSolution
		HideSolutionNode = FALSE
	EndGlobalSection
EndGlobal
